
Microsoft Visual Studio Solution File, Format Version 12.00
# Visual Studio 15
VisualStudioVersion = 15.0.27428.2005
MinimumVisualStudioVersion = 10.0.40219.1
Project("{FAE04EC0-301F-11D3-BF4B-00C04F79EFBC}") = "question_operator_test", "question_operator_test.csproj", "{8F1B09E0-5DA2-4C5A-939A-D9C28745B645}"
EndProject
Global
	GlobalSection(SolutionConfigurationPlatforms) = preSolution
		Debug|Any CPU = Debug|Any CPU
		Release|Any CPU = Release|Any CPU
	EndGlobalSection
	GlobalSection(ProjectConfigurationPlatforms) = postSolution
		{8F1B09E0-5DA2-4C5A-939A-D9C28745B645}.Debug|Any CPU.ActiveCfg = Debug|Any CPU
		{8F1B09E0-5DA2-4C5A-939A-D9C28745B645}.Debug|Any CPU.Build.0 = Debug|Any CPU
		{8F1B09E0-5DA2-4C5A-939A-D9C28745B645}.Release|Any CPU.ActiveCfg = Release|Any CPU
		{8F1B09E0-5DA2-4C5A-939A-D9C28745B645}.Release|Any CPU.Build.0 = Release|Any CPU
	EndGlobalSection
	GlobalSection(SolutionProperties) = preSolution
		HideSolutionNode = FALSE
	EndGlobalSection
	GlobalSection(ExtensibilityGlobals) = postSolution
		SolutionGuid = {AE1B7E59-2C03-4BBA-A597-7936BCC461C5}
	EndGlobalSection
EndGlobal
