
Microsoft Visual Studio Solution File, Format Version 12.00
# Visual Studio 2013
VisualStudioVersion = 12.0.21005.1
MinimumVisualStudioVersion = 10.0.40219.1
Project("{FAE04EC0-301F-11D3-BF4B-00C04F79EFBC}") = "params_test1", "params_test1.csproj", "{EC852326-1025-4604-921C-1A72810DF281}"
EndProject
Global
	GlobalSection(SolutionConfigurationPlatforms) = preSolution
		Debug|Any CPU = Debug|Any CPU
		Release|Any CPU = Release|Any CPU
	EndGlobalSection
	GlobalSection(ProjectConfigurationPlatforms) = postSolution
		{EC852326-1025-4604-921C-1A72810DF281}.Debug|Any CPU.ActiveCfg = Debug|Any CPU
		{EC852326-1025-4604-921C-1A72810DF281}.Debug|Any CPU.Build.0 = Debug|Any CPU
		{EC852326-1025-4604-921C-1A72810DF281}.Release|Any CPU.ActiveCfg = Release|Any CPU
		{EC852326-1025-4604-921C-1A72810DF281}.Release|Any CPU.Build.0 = Release|Any CPU
	EndGlobalSection
	GlobalSection(SolutionProperties) = preSolution
		HideSolutionNode = FALSE
	EndGlobalSection
EndGlobal
