
Microsoft Visual Studio Solution File, Format Version 12.00
# Visual Studio 2013
VisualStudioVersion = 12.0.21005.1
MinimumVisualStudioVersion = 10.0.40219.1
Project("{FAE04EC0-301F-11D3-BF4B-00C04F79EFBC}") = "iterator_test3", "iterator_test3.csproj", "{38511C3F-7226-4AC2-8B5D-3A6466F2BDC8}"
EndProject
Global
	GlobalSection(SolutionConfigurationPlatforms) = preSolution
		Debug|Any CPU = Debug|Any CPU
		Release|Any CPU = Release|Any CPU
	EndGlobalSection
	GlobalSection(ProjectConfigurationPlatforms) = postSolution
		{38511C3F-7226-4AC2-8B5D-3A6466F2BDC8}.Debug|Any CPU.ActiveCfg = Debug|Any CPU
		{38511C3F-7226-4AC2-8B5D-3A6466F2BDC8}.Debug|Any CPU.Build.0 = Debug|Any CPU
		{38511C3F-7226-4AC2-8B5D-3A6466F2BDC8}.Release|Any CPU.ActiveCfg = Release|Any CPU
		{38511C3F-7226-4AC2-8B5D-3A6466F2BDC8}.Release|Any CPU.Build.0 = Release|Any CPU
	EndGlobalSection
	GlobalSection(SolutionProperties) = preSolution
		HideSolutionNode = FALSE
	EndGlobalSection
EndGlobal
